Microsoft Visual Studio Solution File, Format Version 12.00
# Visual Studio Version 17
VisualStudioVersion = 17.0.31903.59
MinimumVisualStudioVersion = 10.0.40219.1
Project("{FAE04EC0-301F-11D3-BF4B-00C04F79EFBC}") = "BladeControl.Hardware.Windows", "src\BladeControl.Hardware.Windows\BladeControl.Hardware.Windows.csproj", "{60DECAAD-B1AB-4A0F-95DC-1C8D7426C594}"
EndProject
Project("{FAE04EC0-301F-11D3-BF4B-00C04F79EFBC}") = "BladeControl.Cli", "src\BladeControl.Cli\BladeControl.Cli.csproj", "{BBC674A3-45CE-449B-888D-83402124C695}"
EndProject
Project("{FAE04EC0-301F-11D3-BF4B-00C04F79EFBC}") = "BladeControl.Razer", "src\BladeControl.Razer\BladeControl.Razer.csproj", "{8D8E47C5-E42B-4E95-94B8-77AB7A31964F}"
EndProject
Project("{FAE04EC0-301F-11D3-BF4B-00C04F79EFBC}") = "BladeControl.Razer.Tests", "tests\BladeControl.Razer.Tests\BladeControl.Razer.Tests.csproj", "{0A01E61B-B0E0-4453-BE7C-70CE5618F116}"
EndProject
Project("{FAE04EC0-301F-11D3-BF4B-00C04F79EFBC}") = "BladeControl.Telemetry", "src\BladeControl.Telemetry\BladeControl.Telemetry.csproj", "{C48F22F6-5D37-4E46-BDBE-B91F1C9D08D0}"
EndProject
Project("{FAE04EC0-301F-11D3-BF4B-00C04F79EFBC}") = "BladeControl.Thermal", "src\BladeControl.Thermal\BladeControl.Thermal.csproj", "{BFC1169F-AFA0-4B2C-9DB2-766C90F84F31}"
EndProject
Project("{FAE04EC0-301F-11D3-BF4B-00C04F79EFBC}") = "BladeControl.Thermal.Tests", "tests\BladeControl.Thermal.Tests\BladeControl.Thermal.Tests.csproj", "{A36F033A-B95A-486B-83E2-9A0F3126DD42}"
EndProject
Project("{FAE04EC0-301F-11D3-BF4B-00C04F79EFBC}") = "BladeControl.Runtime", "src\BladeControl.Runtime\BladeControl.Runtime.csproj", "{E5A96AF0-8F48-4E4B-A02C-164EF2164F08}"
EndProject
Project("{FAE04EC0-301F-11D3-BF4B-00C04F79EFBC}") = "BladeControl.Service", "src\BladeControl.Service\BladeControl.Service.csproj", "{5A4834C1-912E-46A2-9DB5-8DCE4A2F3656}"
EndProject
Project("{FAE04EC0-301F-11D3-BF4B-00C04F79EFBC}") = "BladeControl.Runtime.Tests", "tests\BladeControl.Runtime.Tests\BladeControl.Runtime.Tests.csproj", "{90FB82FD-5DEB-41D2-9C03-8BF7982E9734}"
EndProject
Project("{FAE04EC0-301F-11D3-BF4B-00C04F79EFBC}") = "BladeControl.Cli.Tests", "tests\BladeControl.Cli.Tests\BladeControl.Cli.Tests.csproj", "{CA365A77-A24F-4C3F-A4E0-DA49547C56D1}"
EndProject
Global
	GlobalSection(SolutionConfigurationPlatforms) = preSolution
		Debug|Any CPU = Debug|Any CPU
		Release|Any CPU = Release|Any CPU
	EndGlobalSection
	GlobalSection(ProjectConfigurationPlatforms) = postSolution
		{60DECAAD-B1AB-4A0F-95DC-1C8D7426C594}.Debug|Any CPU.ActiveCfg = Debug|Any CPU
		{60DECAAD-B1AB-4A0F-95DC-1C8D7426C594}.Debug|Any CPU.Build.0 = Debug|Any CPU
		{60DECAAD-B1AB-4A0F-95DC-1C8D7426C594}.Release|Any CPU.ActiveCfg = Release|Any CPU
		{60DECAAD-B1AB-4A0F-95DC-1C8D7426C594}.Release|Any CPU.Build.0 = Release|Any CPU
		{BBC674A3-45CE-449B-888D-83402124C695}.Debug|Any CPU.ActiveCfg = Debug|Any CPU
		{BBC674A3-45CE-449B-888D-83402124C695}.Debug|Any CPU.Build.0 = Debug|Any CPU
		{BBC674A3-45CE-449B-888D-83402124C695}.Release|Any CPU.ActiveCfg = Release|Any CPU
		{BBC674A3-45CE-449B-888D-83402124C695}.Release|Any CPU.Build.0 = Release|Any CPU
		{8D8E47C5-E42B-4E95-94B8-77AB7A31964F}.Debug|Any CPU.ActiveCfg = Debug|Any CPU
		{8D8E47C5-E42B-4E95-94B8-77AB7A31964F}.Debug|Any CPU.Build.0 = Debug|Any CPU
		{8D8E47C5-E42B-4E95-94B8-77AB7A31964F}.Release|Any CPU.ActiveCfg = Release|Any CPU
		{8D8E47C5-E42B-4E95-94B8-77AB7A31964F}.Release|Any CPU.Build.0 = Release|Any CPU
		{0A01E61B-B0E0-4453-BE7C-70CE5618F116}.Debug|Any CPU.ActiveCfg = Debug|Any CPU
		{0A01E61B-B0E0-4453-BE7C-70CE5618F116}.Debug|Any CPU.Build.0 = Debug|Any CPU
		{0A01E61B-B0E0-4453-BE7C-70CE5618F116}.Release|Any CPU.ActiveCfg = Release|Any CPU
		{0A01E61B-B0E0-4453-BE7C-70CE5618F116}.Release|Any CPU.Build.0 = Release|Any CPU
		{C48F22F6-5D37-4E46-BDBE-B91F1C9D08D0}.Debug|Any CPU.ActiveCfg = Debug|Any CPU
		{C48F22F6-5D37-4E46-BDBE-B91F1C9D08D0}.Debug|Any CPU.Build.0 = Debug|Any CPU
		{C48F22F6-5D37-4E46-BDBE-B91F1C9D08D0}.Release|Any CPU.ActiveCfg = Release|Any CPU
		{C48F22F6-5D37-4E46-BDBE-B91F1C9D08D0}.Release|Any CPU.Build.0 = Release|Any CPU
		{BFC1169F-AFA0-4B2C-9DB2-766C90F84F31}.Debug|Any CPU.ActiveCfg = Debug|Any CPU
		{BFC1169F-AFA0-4B2C-9DB2-766C90F84F31}.Debug|Any CPU.Build.0 = Debug|Any CPU
		{BFC1169F-AFA0-4B2C-9DB2-766C90F84F31}.Release|Any CPU.ActiveCfg = Release|Any CPU
		{BFC1169F-AFA0-4B2C-9DB2-766C90F84F31}.Release|Any CPU.Build.0 = Release|Any CPU
		{A36F033A-B95A-486B-83E2-9A0F3126DD42}.Debug|Any CPU.ActiveCfg = Debug|Any CPU
		{A36F033A-B95A-486B-83E2-9A0F3126DD42}.Debug|Any CPU.Build.0 = Debug|Any CPU
		{A36F033A-B95A-486B-83E2-9A0F3126DD42}.Release|Any CPU.ActiveCfg = Release|Any CPU
		{A36F033A-B95A-486B-83E2-9A0F3126DD42}.Release|Any CPU.Build.0 = Release|Any CPU
		{E5A96AF0-8F48-4E4B-A02C-164EF2164F08}.Debug|Any CPU.ActiveCfg = Debug|Any CPU
		{E5A96AF0-8F48-4E4B-A02C-164EF2164F08}.Debug|Any CPU.Build.0 = Debug|Any CPU
		{E5A96AF0-8F48-4E4B-A02C-164EF2164F08}.Release|Any CPU.ActiveCfg = Release|Any CPU
		{E5A96AF0-8F48-4E4B-A02C-164EF2164F08}.Release|Any CPU.Build.0 = Release|Any CPU
		{5A4834C1-912E-46A2-9DB5-8DCE4A2F3656}.Debug|Any CPU.ActiveCfg = Debug|Any CPU
		{5A4834C1-912E-46A2-9DB5-8DCE4A2F3656}.Debug|Any CPU.Build.0 = Debug|Any CPU
		{5A4834C1-912E-46A2-9DB5-8DCE4A2F3656}.Release|Any CPU.ActiveCfg = Release|Any CPU
		{5A4834C1-912E-46A2-9DB5-8DCE4A2F3656}.Release|Any CPU.Build.0 = Release|Any CPU
		{90FB82FD-5DEB-41D2-9C03-8BF7982E9734}.Debug|Any CPU.ActiveCfg = Debug|Any CPU
		{90FB82FD-5DEB-41D2-9C03-8BF7982E9734}.Debug|Any CPU.Build.0 = Debug|Any CPU
		{90FB82FD-5DEB-41D2-9C03-8BF7982E9734}.Release|Any CPU.ActiveCfg = Release|Any CPU
		{90FB82FD-5DEB-41D2-9C03-8BF7982E9734}.Release|Any CPU.Build.0 = Release|Any CPU
		{CA365A77-A24F-4C3F-A4E0-DA49547C56D1}.Debug|Any CPU.ActiveCfg = Debug|Any CPU
		{CA365A77-A24F-4C3F-A4E0-DA49547C56D1}.Debug|Any CPU.Build.0 = Debug|Any CPU
		{CA365A77-A24F-4C3F-A4E0-DA49547C56D1}.Release|Any CPU.ActiveCfg = Release|Any CPU
		{CA365A77-A24F-4C3F-A4E0-DA49547C56D1}.Release|Any CPU.Build.0 = Release|Any CPU
	EndGlobalSection
	GlobalSection(SolutionProperties) = preSolution
		HideSolutionNode = FALSE
	EndGlobalSection
EndGlobal
